
Microsoft Visual Studio Solution File, Format Version 12.00
# Visual Studio Version 17
VisualStudioVersion = 17.4.33205.214
MinimumVisualStudioVersion = 10.0.40219.1
Project("{FAE04EC0-301F-11D3-BF4B-00C04F79EFBC}") = "Sesion 4", "Sesion 4.csproj", "{109F2F53-FBC8-47F2-A226-AE8A504E93A0}"
EndProject
Global
	GlobalSection(SolutionConfigurationPlatforms) = preSolution
		Debug|Any CPU = Debug|Any CPU
		Release|Any CPU = Release|Any CPU
	EndGlobalSection
	GlobalSection(ProjectConfigurationPlatforms) = postSolution
		{109F2F53-FBC8-47F2-A226-AE8A504E93A0}.Debug|Any CPU.ActiveCfg = Debug|Any CPU
		{109F2F53-FBC8-47F2-A226-AE8A504E93A0}.Debug|Any CPU.Build.0 = Debug|Any CPU
		{109F2F53-FBC8-47F2-A226-AE8A504E93A0}.Release|Any CPU.ActiveCfg = Release|Any CPU
		{109F2F53-FBC8-47F2-A226-AE8A504E93A0}.Release|Any CPU.Build.0 = Release|Any CPU
	EndGlobalSection
	GlobalSection(SolutionProperties) = preSolution
		HideSolutionNode = FALSE
	EndGlobalSection
	GlobalSection(ExtensibilityGlobals) = postSolution
		SolutionGuid = {501F46BE-0898-4BFF-B8AB-5F7BB09BB642}
	EndGlobalSection
EndGlobal
